
Microsoft Visual Studio Solution File, Format Version 12.00
# Visual Studio Version 17
VisualStudioVersion = 17.11.35327.3
MinimumVisualStudioVersion = 10.0.40219.1
Project("{FAE04EC0-301F-11D3-BF4B-00C04F79EFBC}") = "CIS122_Spr25_Object_Examples", "CIS122_Spr25_Object_Examples\CIS122_Spr25_Object_Examples.csproj", "{476A1EF1-EAC9-42A4-A2F7-505C4483D073}"
EndProject
Global
	GlobalSection(SolutionConfigurationPlatforms) = preSolution
		Debug|Any CPU = Debug|Any CPU
		Release|Any CPU = Release|Any CPU
	EndGlobalSection
	GlobalSection(ProjectConfigurationPlatforms) = postSolution
		{476A1EF1-EAC9-42A4-A2F7-505C4483D073}.Debug|Any CPU.ActiveCfg = Debug|Any CPU
		{476A1EF1-EAC9-42A4-A2F7-505C4483D073}.Debug|Any CPU.Build.0 = Debug|Any CPU
		{476A1EF1-EAC9-42A4-A2F7-505C4483D073}.Release|Any CPU.ActiveCfg = Release|Any CPU
		{476A1EF1-EAC9-42A4-A2F7-505C4483D073}.Release|Any CPU.Build.0 = Release|Any CPU
	EndGlobalSection
	GlobalSection(SolutionProperties) = preSolution
		HideSolutionNode = FALSE
	EndGlobalSection
	GlobalSection(ExtensibilityGlobals) = postSolution
		SolutionGuid = {8A1A6B77-8162-4574-86AC-FAD0B0EB8D6A}
	EndGlobalSection
EndGlobal
